
Microsoft Visual Studio Solution File, Format Version 12.00
# Visual Studio Version 17
VisualStudioVersion = 17.9.34728.123
MinimumVisualStudioVersion = 10.0.40219.1
Project("{FAE04EC0-301F-11D3-BF4B-00C04F79EFBC}") = "DirectBookingOne.Api", "DirectBookingOne.Api\DirectBookingOne.Api.csproj", "{625836BE-22A5-4241-8119-EDC5137DF35C}"
EndProject
Global
	GlobalSection(SolutionConfigurationPlatforms) = preSolution
		Debug|Any CPU = Debug|Any CPU
		Release|Any CPU = Release|Any CPU
	EndGlobalSection
	GlobalSection(ProjectConfigurationPlatforms) = postSolution
		{625836BE-22A5-4241-8119-EDC5137DF35C}.Debug|Any CPU.ActiveCfg = Debug|Any CPU
		{625836BE-22A5-4241-8119-EDC5137DF35C}.Debug|Any CPU.Build.0 = Debug|Any CPU
		{625836BE-22A5-4241-8119-EDC5137DF35C}.Release|Any CPU.ActiveCfg = Release|Any CPU
		{625836BE-22A5-4241-8119-EDC5137DF35C}.Release|Any CPU.Build.0 = Release|Any CPU
	EndGlobalSection
	GlobalSection(SolutionProperties) = preSolution
		HideSolutionNode = FALSE
	EndGlobalSection
	GlobalSection(ExtensibilityGlobals) = postSolution
		SolutionGuid = {66ED5A8D-DE27-45C9-A967-5962EA11BB29}
	EndGlobalSection
EndGlobal
